
Microsoft Visual Studio Solution File, Format Version 12.00
# Visual Studio Version 16
VisualStudioVersion = 16.0.30804.86
MinimumVisualStudioVersion = 10.0.40219.1
Project("{FAE04EC0-301F-11D3-BF4B-00C04F79EFBC}") = "TicTacToe", "TicTacToe\TicTacToe.csproj", "{51651105-794A-47D1-BCB5-E08793E3CC90}"
EndProject
Global
	GlobalSection(SolutionConfigurationPlatforms) = preSolution
		Debug|Any CPU = Debug|Any CPU
		Release|Any CPU = Release|Any CPU
	EndGlobalSection
	GlobalSection(ProjectConfigurationPlatforms) = postSolution
		{51651105-794A-47D1-BCB5-E08793E3CC90}.Debug|Any CPU.ActiveCfg = Debug|Any CPU
		{51651105-794A-47D1-BCB5-E08793E3CC90}.Debug|Any CPU.Build.0 = Debug|Any CPU
		{51651105-794A-47D1-BCB5-E08793E3CC90}.Release|Any CPU.ActiveCfg = Release|Any CPU
		{51651105-794A-47D1-BCB5-E08793E3CC90}.Release|Any CPU.Build.0 = Release|Any CPU
	EndGlobalSection
	GlobalSection(SolutionProperties) = preSolution
		HideSolutionNode = FALSE
	EndGlobalSection
	GlobalSection(ExtensibilityGlobals) = postSolution
		SolutionGuid = {470FDF8F-6446-49A8-BC2D-0FF28CF09636}
	EndGlobalSection
EndGlobal
